
Microsoft Visual Studio Solution File, Format Version 12.00
Project("{F2A71F9B-5D33-465A-A702-920D77279786}") = "NecrochronicleAPI", "src\NecrochronicleAPI\NecrochronicleAPI.fsproj", "{CDD2CF99-7162-43BE-A470-B45A394E58F3}"
EndProject
Global
	GlobalSection(SolutionConfigurationPlatforms) = preSolution
		Debug|Any CPU = Debug|Any CPU
		Release|Any CPU = Release|Any CPU
	EndGlobalSection
	GlobalSection(ProjectConfigurationPlatforms) = postSolution
		{CDD2CF99-7162-43BE-A470-B45A394E58F3}.Debug|Any CPU.ActiveCfg = Debug|Any CPU
		{CDD2CF99-7162-43BE-A470-B45A394E58F3}.Debug|Any CPU.Build.0 = Debug|Any CPU
		{CDD2CF99-7162-43BE-A470-B45A394E58F3}.Release|Any CPU.ActiveCfg = Release|Any CPU
		{CDD2CF99-7162-43BE-A470-B45A394E58F3}.Release|Any CPU.Build.0 = Release|Any CPU
	EndGlobalSection
	GlobalSection(NestedProjects) = preSolution
	EndGlobalSection
EndGlobal
